
Microsoft Visual Studio Solution File, Format Version 12.00
# Visual Studio 15
VisualStudioVersion = 15.0.27004.2010
MinimumVisualStudioVersion = 10.0.40219.1
Project("{FAE04EC0-301F-11D3-BF4B-00C04F79EFBC}") = "BlogApp", "BlogApp\BlogApp.csproj", "{EE6AAA2B-5800-4DE4-BA5C-61C6B75B0705}"
EndProject
Project("{FAE04EC0-301F-11D3-BF4B-00C04F79EFBC}") = "BlogApp.Data", "BlogData\BlogApp.Data.csproj", "{29A98527-40B2-4092-8FCA-1CE9DEA38805}"
EndProject
Global
	GlobalSection(SolutionConfigurationPlatforms) = preSolution
		Debug|Any CPU = Debug|Any CPU
		Release|Any CPU = Release|Any CPU
	EndGlobalSection
	GlobalSection(ProjectConfigurationPlatforms) = postSolution
		{EE6AAA2B-5800-4DE4-BA5C-61C6B75B0705}.Debug|Any CPU.ActiveCfg = Debug|Any CPU
		{EE6AAA2B-5800-4DE4-BA5C-61C6B75B0705}.Debug|Any CPU.Build.0 = Debug|Any CPU
		{EE6AAA2B-5800-4DE4-BA5C-61C6B75B0705}.Release|Any CPU.ActiveCfg = Release|Any CPU
		{EE6AAA2B-5800-4DE4-BA5C-61C6B75B0705}.Release|Any CPU.Build.0 = Release|Any CPU
		{29A98527-40B2-4092-8FCA-1CE9DEA38805}.Debug|Any CPU.ActiveCfg = Debug|Any CPU
		{29A98527-40B2-4092-8FCA-1CE9DEA38805}.Debug|Any CPU.Build.0 = Debug|Any CPU
		{29A98527-40B2-4092-8FCA-1CE9DEA38805}.Release|Any CPU.ActiveCfg = Release|Any CPU
		{29A98527-40B2-4092-8FCA-1CE9DEA38805}.Release|Any CPU.Build.0 = Release|Any CPU
	EndGlobalSection
	GlobalSection(SolutionProperties) = preSolution
		HideSolutionNode = FALSE
	EndGlobalSection
	GlobalSection(ExtensibilityGlobals) = postSolution
		SolutionGuid = {A3202FDE-F47A-4853-BE5E-71FE3F6CB71A}
	EndGlobalSection
EndGlobal
